
Microsoft Visual Studio Solution File, Format Version 12.00
# Visual Studio Version 17
VisualStudioVersion = 17.1.32421.90
MinimumVisualStudioVersion = 10.0.40219.1
Project("{FAE04EC0-301F-11D3-BF4B-00C04F79EFBC}") = "WebAndLoadTestOWSIS", "WebAndLoadTestOWSIS\WebAndLoadTestOWSIS.csproj", "{E655A0E2-3473-4C0B-8E20-9F625AC40C32}"
EndProject
Project("{2150E333-8FDC-42A3-9474-1A3956D46DE8}") = "Solution Items", "Solution Items", "{E4220971-890A-4E63-9EF0-506F7515E990}"
	ProjectSection(SolutionItems) = preProject
		Local.testsettings = Local.testsettings
	EndProjectSection
EndProject
Global
	GlobalSection(SolutionConfigurationPlatforms) = preSolution
		Debug|Any CPU = Debug|Any CPU
		Release|Any CPU = Release|Any CPU
	EndGlobalSection
	GlobalSection(ProjectConfigurationPlatforms) = postSolution
		{E655A0E2-3473-4C0B-8E20-9F625AC40C32}.Debug|Any CPU.ActiveCfg = Debug|Any CPU
		{E655A0E2-3473-4C0B-8E20-9F625AC40C32}.Debug|Any CPU.Build.0 = Debug|Any CPU
		{E655A0E2-3473-4C0B-8E20-9F625AC40C32}.Release|Any CPU.ActiveCfg = Release|Any CPU
		{E655A0E2-3473-4C0B-8E20-9F625AC40C32}.Release|Any CPU.Build.0 = Release|Any CPU
	EndGlobalSection
	GlobalSection(SolutionProperties) = preSolution
		HideSolutionNode = FALSE
	EndGlobalSection
	GlobalSection(ExtensibilityGlobals) = postSolution
		SolutionGuid = {A0AC6477-F597-4523-9477-9776E2EAF70C}
	EndGlobalSection
EndGlobal
